
Microsoft Visual Studio Solution File, Format Version 12.00
# Visual Studio Version 16
VisualStudioVersion = 16.0.29905.134
MinimumVisualStudioVersion = 10.0.40219.1
Project("{9A19103F-16F7-4668-BE54-9A1E7A4F7556}") = "TeamWorkAPI.Net", "TeamWorkAPI.Net\TeamWorkAPI.Net.csproj", "{DCF11134-3041-44DF-A477-1173218A99C2}"
EndProject
Project("{FAE04EC0-301F-11D3-BF4B-00C04F79EFBC}") = "TeamWorkAPI.Net.Example", "TeamWorkAPI.Net.Example\TeamWorkAPI.Net.Example.csproj", "{3490CB40-3FF6-40CB-AAA6-8F08FC4DE63E}"
EndProject
Global
	GlobalSection(SolutionConfigurationPlatforms) = preSolution
		Debug|Any CPU = Debug|Any CPU
		Release|Any CPU = Release|Any CPU
	EndGlobalSection
	GlobalSection(ProjectConfigurationPlatforms) = postSolution
		{DCF11134-3041-44DF-A477-1173218A99C2}.Debug|Any CPU.ActiveCfg = Debug|Any CPU
		{DCF11134-3041-44DF-A477-1173218A99C2}.Debug|Any CPU.Build.0 = Debug|Any CPU
		{DCF11134-3041-44DF-A477-1173218A99C2}.Release|Any CPU.ActiveCfg = Release|Any CPU
		{DCF11134-3041-44DF-A477-1173218A99C2}.Release|Any CPU.Build.0 = Release|Any CPU
		{3490CB40-3FF6-40CB-AAA6-8F08FC4DE63E}.Debug|Any CPU.ActiveCfg = Debug|Any CPU
		{3490CB40-3FF6-40CB-AAA6-8F08FC4DE63E}.Debug|Any CPU.Build.0 = Debug|Any CPU
		{3490CB40-3FF6-40CB-AAA6-8F08FC4DE63E}.Release|Any CPU.ActiveCfg = Release|Any CPU
		{3490CB40-3FF6-40CB-AAA6-8F08FC4DE63E}.Release|Any CPU.Build.0 = Release|Any CPU
	EndGlobalSection
	GlobalSection(SolutionProperties) = preSolution
		HideSolutionNode = FALSE
	EndGlobalSection
	GlobalSection(ExtensibilityGlobals) = postSolution
		SolutionGuid = {8C888B32-CE69-4935-82B6-8BE043D3F8AA}
	EndGlobalSection
EndGlobal
